
Microsoft Visual Studio Solution File, Format Version 12.00
# Visual Studio Version 17
VisualStudioVersion = 17.4.33213.308
MinimumVisualStudioVersion = 10.0.40219.1
Project("{FAE04EC0-301F-11D3-BF4B-00C04F79EFBC}") = "BrailleWindowsApplication-SA", "BrailleWindowsApplication-SA.csproj", "{BA3E7CDD-27FD-4951-A044-1246D8F01BDB}"
EndProject
Project("{54435603-DBB4-11D2-8724-00A0C9A8B90C}") = "BraillePrinter", "..\BraillePrinter\BraillePrinter.vdproj", "{26EBA0D7-B7CA-4F32-BC81-2B6BBEDC5F53}"
EndProject
Project("{9A19103F-16F7-4668-BE54-9A1E7A4F7556}") = "BrailleWinAPI", "..\BrailleWinAPI\BrailleWinAPI.csproj", "{5948099B-4D2A-48D9-9294-83BB022F35FA}"
EndProject
Global
	GlobalSection(SolutionConfigurationPlatforms) = preSolution
		Debug|Any CPU = Debug|Any CPU
		Release|Any CPU = Release|Any CPU
	EndGlobalSection
	GlobalSection(ProjectConfigurationPlatforms) = postSolution
		{BA3E7CDD-27FD-4951-A044-1246D8F01BDB}.Debug|Any CPU.ActiveCfg = Debug|Any CPU
		{BA3E7CDD-27FD-4951-A044-1246D8F01BDB}.Debug|Any CPU.Build.0 = Debug|Any CPU
		{BA3E7CDD-27FD-4951-A044-1246D8F01BDB}.Release|Any CPU.ActiveCfg = Release|Any CPU
		{BA3E7CDD-27FD-4951-A044-1246D8F01BDB}.Release|Any CPU.Build.0 = Release|Any CPU
		{26EBA0D7-B7CA-4F32-BC81-2B6BBEDC5F53}.Debug|Any CPU.ActiveCfg = Debug
		{26EBA0D7-B7CA-4F32-BC81-2B6BBEDC5F53}.Release|Any CPU.ActiveCfg = Release
		{5948099B-4D2A-48D9-9294-83BB022F35FA}.Debug|Any CPU.ActiveCfg = Debug|Any CPU
		{5948099B-4D2A-48D9-9294-83BB022F35FA}.Debug|Any CPU.Build.0 = Debug|Any CPU
		{5948099B-4D2A-48D9-9294-83BB022F35FA}.Release|Any CPU.ActiveCfg = Release|Any CPU
		{5948099B-4D2A-48D9-9294-83BB022F35FA}.Release|Any CPU.Build.0 = Release|Any CPU
	EndGlobalSection
	GlobalSection(SolutionProperties) = preSolution
		HideSolutionNode = FALSE
	EndGlobalSection
	GlobalSection(ExtensibilityGlobals) = postSolution
		SolutionGuid = {F6C2A170-F996-462E-A9A0-290B0987DD6D}
	EndGlobalSection
EndGlobal
